// !$*UTF8*$!
{
	archiveVersion = 1;
	classes = {
	};
	objectVersion = 46;
	objects = {

/* Begin PBXBuildFile section */
		1A95BA591C0F32980093D755 /* MyCardsController.swift in Sources */ = {isa = PBXBuildFile; fileRef = 1A95BA581C0F32980093D755 /* MyCardsController.swift */; };
		1A95BA5B1C0F32A40093D755 /* SetCell.swift in Sources */ = {isa = PBXBuildFile; fileRef = 1A95BA5A1C0F32A40093D755 /* SetCell.swift */; };
		1A95BA5D1C0F32AA0093D755 /* SetController.swift in Sources */ = {isa = PBXBuildFile; fileRef = 1A95BA5C1C0F32AA0093D755 /* SetController.swift */; };
		1A95BA5F1C0F32B00093D755 /* ClassController.swift in Sources */ = {isa = PBXBuildFile; fileRef = 1A95BA5E1C0F32B00093D755 /* ClassController.swift */; };
		1A95BA611C0F32D70093D755 /* ClassCell.swift in Sources */ = {isa = PBXBuildFile; fileRef = 1A95BA601C0F32D70093D755 /* ClassCell.swift */; };
		1AD464D91C14A679006F4DAE /* DeckCell.swift in Sources */ = {isa = PBXBuildFile; fileRef = 1AD464D81C14A679006F4DAE /* DeckCell.swift */; };
		1AD464DF1C14B117006F4DAE /* Deck+CoreDataProperties.swift in Sources */ = {isa = PBXBuildFile; fileRef = 1AD464DE1C14B117006F4DAE /* Deck+CoreDataProperties.swift */; };
		1AD464E11C14B130006F4DAE /* Deck.swift in Sources */ = {isa = PBXBuildFile; fileRef = 1AD464E01C14B130006F4DAE /* Deck.swift */; };
		1ADDB66E1C15FB2100D05F75 /* DecksController.swift in Sources */ = {isa = PBXBuildFile; fileRef = 1ADDB66D1C15FB2100D05F75 /* DecksController.swift */; };
		1AE1FC4C1C0CC7660023CACC /* CardCell.swift in Sources */ = {isa = PBXBuildFile; fileRef = 1AE1FC4B1C0CC7660023CACC /* CardCell.swift */; };
		71F69FCAA9550642268DB1D8 /* Pods_hearthstonefinder.framework in Frameworks */ = {isa = PBXBuildFile; fileRef = 8807B8D01866689FFCD351D1 /* Pods_hearthstonefinder.framework */; };
		A74491431BF1566B00768CE2 /* Class+CoreDataProperties.swift in Sources */ = {isa = PBXBuildFile; fileRef = A744913B1BF1566B00768CE2 /* Class+CoreDataProperties.swift */; };
		A74491441BF1566B00768CE2 /* Class.swift in Sources */ = {isa = PBXBuildFile; fileRef = A744913C1BF1566B00768CE2 /* Class.swift */; };
		A74491451BF1566B00768CE2 /* Card+CoreDataProperties.swift in Sources */ = {isa = PBXBuildFile; fileRef = A744913D1BF1566B00768CE2 /* Card+CoreDataProperties.swift */; };
		A74491461BF1566B00768CE2 /* Card.swift in Sources */ = {isa = PBXBuildFile; fileRef = A744913E1BF1566B00768CE2 /* Card.swift */; };
		A74491471BF1566B00768CE2 /* Set+CoreDataProperties.swift in Sources */ = {isa = PBXBuildFile; fileRef = A744913F1BF1566B00768CE2 /* Set+CoreDataProperties.swift */; };
		A74491481BF1566B00768CE2 /* Set.swift in Sources */ = {isa = PBXBuildFile; fileRef = A74491401BF1566B00768CE2 /* Set.swift */; };
		A7FE55311BEFFE2700ABC506 /* AppDelegate.swift in Sources */ = {isa = PBXBuildFile; fileRef = A7FE55301BEFFE2700ABC506 /* AppDelegate.swift */; };
		A7FE55331BEFFE2700ABC506 /* DownloadController.swift in Sources */ = {isa = PBXBuildFile; fileRef = A7FE55321BEFFE2700ABC506 /* DownloadController.swift */; };
		A7FE55361BEFFE2700ABC506 /* Main.storyboard in Resources */ = {isa = PBXBuildFile; fileRef = A7FE55341BEFFE2700ABC506 /* Main.storyboard */; };
		A7FE55391BEFFE2700ABC506 /* hearthstonefinder.xcdatamodeld in Sources */ = {isa = PBXBuildFile; fileRef = A7FE55371BEFFE2700ABC506 /* hearthstonefinder.xcdatamodeld */; };
		A7FE553B1BEFFE2700ABC506 /* Assets.xcassets in Resources */ = {isa = PBXBuildFile; fileRef = A7FE553A1BEFFE2700ABC506 /* Assets.xcassets */; };
		A7FE55491BEFFE2700ABC506 /* hearthstonefinderTests.swift in Sources */ = {isa = PBXBuildFile; fileRef = A7FE55481BEFFE2700ABC506 /* hearthstonefinderTests.swift */; };
		A7FE55541BEFFE2700ABC506 /* hearthstonefinderUITests.swift in Sources */ = {isa = PBXBuildFile; fileRef = A7FE55531BEFFE2700ABC506 /* hearthstonefinderUITests.swift */; };
/* End PBXBuildFile section */

/* Begin PBXContainerItemProxy section */
		A7FE55451BEFFE2700ABC506 /* PBXContainerItemProxy */ = {
			isa = PBXContainerItemProxy;
			containerPortal = A7FE55251BEFFE2700ABC506 /* Project object */;
			proxyType = 1;
			remoteGlobalIDString = A7FE552C1BEFFE2700ABC506;
			remoteInfo = hearthstonefinder;
		};
		A7FE55501BEFFE2700ABC506 /* PBXContainerItemProxy */ = {
			isa = PBXContainerItemProxy;
			containerPortal = A7FE55251BEFFE2700ABC506 /* Project object */;
			proxyType = 1;
			remoteGlobalIDString = A7FE552C1BEFFE2700ABC506;
			remoteInfo = hearthstonefinder;
		};
/* End PBXContainerItemProxy section */

/* Begin PBXFileReference section */
		1A95BA581C0F32980093D755 /* MyCardsController.swift */ = {isa = PBXFileReference; fileEncoding = 4; lastKnownFileType = sourcecode.swift; name = MyCardsController.swift; path = ../../../Desktop/temp/MyCardsController.swift; sourceTree = "<group>"; };
		1A95BA5A1C0F32A40093D755 /* SetCell.swift */ = {isa = PBXFileReference; fileEncoding = 4; lastKnownFileType = sourcecode.swift; name = SetCell.swift; path = ../../../Desktop/temp/SetCell.swift; sourceTree = "<group>"; };
		1A95BA5C1C0F32AA0093D755 /* SetController.swift */ = {isa = PBXFileReference; fileEncoding = 4; lastKnownFileType = sourcecode.swift; name = SetController.swift; path = ../../../Desktop/temp/SetController.swift; sourceTree = "<group>"; };
		1A95BA5E1C0F32B00093D755 /* ClassController.swift */ = {isa = PBXFileReference; fileEncoding = 4; lastKnownFileType = sourcecode.swift; name = ClassController.swift; path = ../../../Desktop/temp/ClassController.swift; sourceTree = "<group>"; };
		1A95BA601C0F32D70093D755 /* ClassCell.swift */ = {isa = PBXFileReference; fileEncoding = 4; lastKnownFileType = sourcecode.swift; name = ClassCell.swift; path = ../ClassCell.swift; sourceTree = "<group>"; };
		1A95BA621C0F93A80093D755 /* hearthstonefinder-Bridging-Header.h */ = {isa = PBXFileReference; lastKnownFileType = sourcecode.c.h; path = "hearthstonefinder-Bridging-Header.h"; sourceTree = "<group>"; };
		1AD464D81C14A679006F4DAE /* DeckCell.swift */ = {isa = PBXFileReference; fileEncoding = 4; lastKnownFileType = sourcecode.swift; path = DeckCell.swift; sourceTree = "<group>"; };
		1AD464DE1C14B117006F4DAE /* Deck+CoreDataProperties.swift */ = {isa = PBXFileReference; fileEncoding = 4; lastKnownFileType = sourcecode.swift; path = "Deck+CoreDataProperties.swift"; sourceTree = "<group>"; };
		1AD464E01C14B130006F4DAE /* Deck.swift */ = {isa = PBXFileReference; fileEncoding = 4; lastKnownFileType = sourcecode.swift; path = Deck.swift; sourceTree = "<group>"; };
		1ADDB66D1C15FB2100D05F75 /* DecksController.swift */ = {isa = PBXFileReference; fileEncoding = 4; lastKnownFileType = sourcecode.swift; name = DecksController.swift; path = ../DecksController.swift; sourceTree = "<group>"; };
		1AE1FC4B1C0CC7660023CACC /* CardCell.swift */ = {isa = PBXFileReference; fileEncoding = 4; lastKnownFileType = sourcecode.swift; path = CardCell.swift; sourceTree = "<group>"; };
		66C39A4E02BCF78F9EB321E3 /* Pods-hearthstonefinder.debug.xcconfig */ = {isa = PBXFileReference; includeInIndex = 1; lastKnownFileType = text.xcconfig; name = "Pods-hearthstonefinder.debug.xcconfig"; path = "Pods/Target Support Files/Pods-hearthstonefinder/Pods-hearthstonefinder.debug.xcconfig"; sourceTree = "<group>"; };
		821A8B7214580A5C0672E170 /* Pods-hearthstonefinder.release.xcconfig */ = {isa = PBXFileReference; includeInIndex = 1; lastKnownFileType = text.xcconfig; name = "Pods-hearthstonefinder.release.xcconfig"; path = "Pods/Target Support Files/Pods-hearthstonefinder/Pods-hearthstonefinder.release.xcconfig"; sourceTree = "<group>"; };
		8807B8D01866689FFCD351D1 /* Pods_hearthstonefinder.framework */ = {isa = PBXFileReference; explicitFileType = wrapper.framework; includeInIndex = 0; path = Pods_hearthstonefinder.framework; sourceTree = BUILT_PRODUCTS_DIR; };
		A744913B1BF1566B00768CE2 /* Class+CoreDataProperties.swift */ = {isa = PBXFileReference; fileEncoding = 4; lastKnownFileType = sourcecode.swift; path = "Class+CoreDataProperties.swift"; sourceTree = "<group>"; };
		A744913C1BF1566B00768CE2 /* Class.swift */ = {isa = PBXFileReference; fileEncoding = 4; lastKnownFileType = sourcecode.swift; path = Class.swift; sourceTree = "<group>"; };
		A744913D1BF1566B00768CE2 /* Card+CoreDataProperties.swift */ = {isa = PBXFileReference; fileEncoding = 4; lastKnownFileType = sourcecode.swift; path = "Card+CoreDataProperties.swift"; sourceTree = "<group>"; };
		A744913E1BF1566B00768CE2 /* Card.swift */ = {isa = PBXFileReference; fileEncoding = 4; lastKnownFileType = sourcecode.swift; path = Card.swift; sourceTree = "<group>"; };
		A744913F1BF1566B00768CE2 /* Set+CoreDataProperties.swift */ = {isa = PBXFileReference; fileEncoding = 4; lastKnownFileType = sourcecode.swift; path = "Set+CoreDataProperties.swift"; sourceTree = "<group>"; };
		A74491401BF1566B00768CE2 /* Set.swift */ = {isa = PBXFileReference; fileEncoding = 4; lastKnownFileType = sourcecode.swift; path = Set.swift; sourceTree = "<group>"; };
		A7FE552D1BEFFE2700ABC506 /* hearthstonefinder.app */ = {isa = PBXFileReference; explicitFileType = wrapper.application; includeInIndex = 0; path = hearthstonefinder.app; sourceTree = BUILT_PRODUCTS_DIR; };
		A7FE55301BEFFE2700ABC506 /* AppDelegate.swift */ = {isa = PBXFileReference; lastKnownFileType = sourcecode.swift; path = AppDelegate.swift; sourceTree = "<group>"; };
		A7FE55321BEFFE2700ABC506 /* DownloadController.swift */ = {isa = PBXFileReference; lastKnownFileType = sourcecode.swift; path = DownloadController.swift; sourceTree = "<group>"; };
		A7FE55351BEFFE2700ABC506 /* Base */ = {isa = PBXFileReference; lastKnownFileType = file.storyboard; name = Base; path = Base.lproj/Main.storyboard; sourceTree = "<group>"; };
		A7FE55381BEFFE2700ABC506 /* hearthstonefinder.xcdatamodel */ = {isa = PBXFileReference; lastKnownFileType = wrapper.xcdatamodel; path = hearthstonefinder.xcdatamodel; sourceTree = "<group>"; };
		A7FE553A1BEFFE2700ABC506 /* Assets.xcassets */ = {isa = PBXFileReference; lastKnownFileType = folder.assetcatalog; path = Assets.xcassets; sourceTree = "<group>"; };
		A7FE553F1BEFFE2700ABC506 /* Info.plist */ = {isa = PBXFileReference; lastKnownFileType = text.plist.xml; path = Info.plist; sourceTree = "<group>"; };
		A7FE55441BEFFE2700ABC506 /* hearthstonefinderTests.xctest */ = {isa = PBXFileReference; explicitFileType = wrapper.cfbundle; includeInIndex = 0; path = hearthstonefinderTests.xctest; sourceTree = BUILT_PRODUCTS_DIR; };
		A7FE55481BEFFE2700ABC506 /* hearthstonefinderTests.swift */ = {isa = PBXFileReference; lastKnownFileType = sourcecode.swift; path = hearthstonefinderTests.swift; sourceTree = "<group>"; };
		A7FE554A1BEFFE2700ABC506 /* Info.plist */ = {isa = PBXFileReference; lastKnownFileType = text.plist.xml; path = Info.plist; sourceTree = "<group>"; };
		A7FE554F1BEFFE2700ABC506 /* hearthstonefinderUITests.xctest */ = {isa = PBXFileReference; explicitFileType = wrapper.cfbundle; includeInIndex = 0; path = hearthstonefinderUITests.xctest; sourceTree = BUILT_PRODUCTS_DIR; };
		A7FE55531BEFFE2700ABC506 /* hearthstonefinderUITests.swift */ = {isa = PBXFileReference; lastKnownFileType = sourcecode.swift; path = hearthstonefinderUITests.swift; sourceTree = "<group>"; };
		A7FE55551BEFFE2700ABC506 /* Info.plist */ = {isa = PBXFileReference; lastKnownFileType = text.plist.xml; path = Info.plist; sourceTree = "<group>"; };
/* End PBXFileReference section */

/* Begin PBXFrameworksBuildPhase section */
		A7FE552A1BEFFE2700ABC506 /* Frameworks */ = {
			isa = PBXFrameworksBuildPhase;
			buildActionMask = 2147483647;
			files = (
				71F69FCAA9550642268DB1D8 /* Pods_hearthstonefinder.framework in Frameworks */,
			);
			runOnlyForDeploymentPostprocessing = 0;
		};
		A7FE55411BEFFE2700ABC506 /* Frameworks */ = {
			isa = PBXFrameworksBuildPhase;
			buildActionMask = 2147483647;
			files = (
			);
			runOnlyForDeploymentPostprocessing = 0;
		};
		A7FE554C1BEFFE2700ABC506 /* Frameworks */ = {
			isa = PBXFrameworksBuildPhase;
			buildActionMask = 2147483647;
			files = (
			);
			runOnlyForDeploymentPostprocessing = 0;
		};
/* End PBXFrameworksBuildPhase section */

/* Begin PBXGroup section */
		99B6D90C2112CFF073677E1B /* Pods */ = {
			isa = PBXGroup;
			children = (
				66C39A4E02BCF78F9EB321E3 /* Pods-hearthstonefinder.debug.xcconfig */,
				821A8B7214580A5C0672E170 /* Pods-hearthstonefinder.release.xcconfig */,
			);
			name = Pods;
			sourceTree = "<group>";
		};
		A744914C1BF156C900768CE2 /* CoreData */ = {
			isa = PBXGroup;
			children = (
				1AD464E01C14B130006F4DAE /* Deck.swift */,
				1AD464DE1C14B117006F4DAE /* Deck+CoreDataProperties.swift */,
				A744913B1BF1566B00768CE2 /* Class+CoreDataProperties.swift */,
				A744913C1BF1566B00768CE2 /* Class.swift */,
				A744913D1BF1566B00768CE2 /* Card+CoreDataProperties.swift */,
				A744913E1BF1566B00768CE2 /* Card.swift */,
				A744913F1BF1566B00768CE2 /* Set+CoreDataProperties.swift */,
				A74491401BF1566B00768CE2 /* Set.swift */,
			);
			name = CoreData;
			sourceTree = "<group>";
		};
		A7FE55241BEFFE2700ABC506 = {
			isa = PBXGroup;
			children = (
				A7FE552F1BEFFE2700ABC506 /* hearthstonefinder */,
				A7FE55471BEFFE2700ABC506 /* hearthstonefinderTests */,
				A7FE55521BEFFE2700ABC506 /* hearthstonefinderUITests */,
				A7FE552E1BEFFE2700ABC506 /* Products */,
				A744914C1BF156C900768CE2 /* CoreData */,
				99B6D90C2112CFF073677E1B /* Pods */,
				CF14C891022885C92CB2109F /* Frameworks */,
			);
			sourceTree = "<group>";
		};
		A7FE552E1BEFFE2700ABC506 /* Products */ = {
			isa = PBXGroup;
			children = (
				A7FE552D1BEFFE2700ABC506 /* hearthstonefinder.app */,
				A7FE55441BEFFE2700ABC506 /* hearthstonefinderTests.xctest */,
				A7FE554F1BEFFE2700ABC506 /* hearthstonefinderUITests.xctest */,
			);
			name = Products;
			sourceTree = "<group>";
		};
		A7FE552F1BEFFE2700ABC506 /* hearthstonefinder */ = {
			isa = PBXGroup;
			children = (
				1A95BA601C0F32D70093D755 /* ClassCell.swift */,
				1ADDB66D1C15FB2100D05F75 /* DecksController.swift */,
				A7FE55301BEFFE2700ABC506 /* AppDelegate.swift */,
				A7FE55341BEFFE2700ABC506 /* Main.storyboard */,
				1AD464D81C14A679006F4DAE /* DeckCell.swift */,
				1AE1FC4B1C0CC7660023CACC /* CardCell.swift */,
				1A95BA5A1C0F32A40093D755 /* SetCell.swift */,
				A7FE55321BEFFE2700ABC506 /* DownloadController.swift */,
				A7FE553A1BEFFE2700ABC506 /* Assets.xcassets */,
				1A95BA5C1C0F32AA0093D755 /* SetController.swift */,
				1A95BA5E1C0F32B00093D755 /* ClassController.swift */,
				1A95BA581C0F32980093D755 /* MyCardsController.swift */,
				A7FE553F1BEFFE2700ABC506 /* Info.plist */,
				A7FE55371BEFFE2700ABC506 /* hearthstonefinder.xcdatamodeld */,
				1A95BA621C0F93A80093D755 /* hearthstonefinder-Bridging-Header.h */,
			);
			path = hearthstonefinder;
			sourceTree = "<group>";
		};
		A7FE55471BEFFE2700ABC506 /* hearthstonefinderTests */ = {
			isa = PBXGroup;
			children = (
				A7FE55481BEFFE2700ABC506 /* hearthstonefinderTests.swift */,
				A7FE554A1BEFFE2700ABC506 /* Info.plist */,
			);
			path = hearthstonefinderTests;
			sourceTree = "<group>";
		};
		A7FE55521BEFFE2700ABC506 /* hearthstonefinderUITests */ = {
			isa = PBXGroup;
			children = (
				A7FE55531BEFFE2700ABC506 /* hearthstonefinderUITests.swift */,
				A7FE55551BEFFE2700ABC506 /* Info.plist */,
			);
			path = hearthstonefinderUITests;
			sourceTree = "<group>";
		};
		CF14C891022885C92CB2109F /* Frameworks */ = {
			isa = PBXGroup;
			children = (
				8807B8D01866689FFCD351D1 /* Pods_hearthstonefinder.framework */,
			);
			name = Frameworks;
			sourceTree = "<group>";
		};
/* End PBXGroup section */

/* Begin PBXNativeTarget section */
		A7FE552C1BEFFE2700ABC506 /* hearthstonefinder */ = {
			isa = PBXNativeTarget;
			buildConfigurationList = A7FE55581BEFFE2700ABC506 /* Build configuration list for PBXNativeTarget "hearthstonefinder" */;
			buildPhases = (
				390E678BDD8496A0D7AA5FDA /* Check Pods Manifest.lock */,
				A7FE55291BEFFE2700ABC506 /* Sources */,
				A7FE552A1BEFFE2700ABC506 /* Frameworks */,
				A7FE552B1BEFFE2700ABC506 /* Resources */,
				5FFD6CA895E6F9982D2BB6D6 /* Embed Pods Frameworks */,
				2CCAA2482D873F52A734121E /* Copy Pods Resources */,
			);
			buildRules = (
			);
			dependencies = (
			);
			name = hearthstonefinder;
			productName = hearthstonefinder;
			productReference = A7FE552D1BEFFE2700ABC506 /* hearthstonefinder.app */;
			productType = "com.apple.product-type.application";
		};
		A7FE55431BEFFE2700ABC506 /* hearthstonefinderTests */ = {
			isa = PBXNativeTarget;
			buildConfigurationList = A7FE555B1BEFFE2700ABC506 /* Build configuration list for PBXNativeTarget "hearthstonefinderTests" */;
			buildPhases = (
				A7FE55401BEFFE2700ABC506 /* Sources */,
				A7FE55411BEFFE2700ABC506 /* Frameworks */,
				A7FE55421BEFFE2700ABC506 /* Resources */,
			);
			buildRules = (
			);
			dependencies = (
				A7FE55461BEFFE2700ABC506 /* PBXTargetDependency */,
			);
			name = hearthstonefinderTests;
			productName = hearthstonefinderTests;
			productReference = A7FE55441BEFFE2700ABC506 /* hearthstonefinderTests.xctest */;
			productType = "com.apple.product-type.bundle.unit-test";
		};
		A7FE554E1BEFFE2700ABC506 /* hearthstonefinderUITests */ = {
			isa = PBXNativeTarget;
			buildConfigurationList = A7FE555E1BEFFE2700ABC506 /* Build configuration list for PBXNativeTarget "hearthstonefinderUITests" */;
			buildPhases = (
				A7FE554B1BEFFE2700ABC506 /* Sources */,
				A7FE554C1BEFFE2700ABC506 /* Frameworks */,
				A7FE554D1BEFFE2700ABC506 /* Resources */,
			);
			buildRules = (
			);
			dependencies = (
				A7FE55511BEFFE2700ABC506 /* PBXTargetDependency */,
			);
			name = hearthstonefinderUITests;
			productName = hearthstonefinderUITests;
			productReference = A7FE554F1BEFFE2700ABC506 /* hearthstonefinderUITests.xctest */;
			productType = "com.apple.product-type.bundle.ui-testing";
		};
/* End PBXNativeTarget section */

/* Begin PBXProject section */
		A7FE55251BEFFE2700ABC506 /* Project object */ = {
			isa = PBXProject;
			attributes = {
				LastSwiftUpdateCheck = 0710;
				LastUpgradeCheck = 0700;
				ORGANIZATIONNAME = Yosemite;
				TargetAttributes = {
					A7FE552C1BEFFE2700ABC506 = {
						CreatedOnToolsVersion = 7.0.1;
					};
					A7FE55431BEFFE2700ABC506 = {
						CreatedOnToolsVersion = 7.0.1;
						TestTargetID = A7FE552C1BEFFE2700ABC506;
					};
					A7FE554E1BEFFE2700ABC506 = {
						CreatedOnToolsVersion = 7.0.1;
						TestTargetID = A7FE552C1BEFFE2700ABC506;
					};
				};
			};
			buildConfigurationList = A7FE55281BEFFE2700ABC506 /* Build configuration list for PBXProject "hearthstonefinder" */;
			compatibilityVersion = "Xcode 3.2";
			developmentRegion = English;
			hasScannedForEncodings = 0;
			knownRegions = (
				en,
				Base,
			);
			mainGroup = A7FE55241BEFFE2700ABC506;
			productRefGroup = A7FE552E1BEFFE2700ABC506 /* Products */;
			projectDirPath = "";
			projectRoot = "";
			targets = (
				A7FE552C1BEFFE2700ABC506 /* hearthstonefinder */,
				A7FE55431BEFFE2700ABC506 /* hearthstonefinderTests */,
				A7FE554E1BEFFE2700ABC506 /* hearthstonefinderUITests */,
			);
		};
/* End PBXProject section */

/* Begin PBXResourcesBuildPhase section */
		A7FE552B1BEFFE2700ABC506 /* Resources */ = {
			isa = PBXResourcesBuildPhase;
			buildActionMask = 2147483647;
			files = (
				A7FE553B1BEFFE2700ABC506 /* Assets.xcassets in Resources */,
				A7FE55361BEFFE2700ABC506 /* Main.storyboard in Resources */,
			);
			runOnlyForDeploymentPostprocessing = 0;
		};
		A7FE55421BEFFE2700ABC506 /* Resources */ = {
			isa = PBXResourcesBuildPhase;
			buildActionMask = 2147483647;
			files = (
			);
			runOnlyForDeploymentPostprocessing = 0;
		};
		A7FE554D1BEFFE2700ABC506 /* Resources */ = {
			isa = PBXResourcesBuildPhase;
			buildActionMask = 2147483647;
			files = (
			);
			runOnlyForDeploymentPostprocessing = 0;
		};
/* End PBXResourcesBuildPhase section */

/* Begin PBXShellScriptBuildPhase section */
		2CCAA2482D873F52A734121E /* Copy Pods Resources */ = {
			isa = PBXShellScriptBuildPhase;
			buildActionMask = 2147483647;
			files = (
			);
			inputPaths = (
			);
			name = "Copy Pods Resources";
			outputPaths = (
			);
			runOnlyForDeploymentPostprocessing = 0;
			shellPath = /bin/sh;
			shellScript = "\"${SRCROOT}/Pods/Target Support Files/Pods-hearthstonefinder/Pods-hearthstonefinder-resources.sh\"\n";
			showEnvVarsInLog = 0;
		};
		390E678BDD8496A0D7AA5FDA /* Check Pods Manifest.lock */ = {
			isa = PBXShellScriptBuildPhase;
			buildActionMask = 2147483647;
			files = (
			);
			inputPaths = (
			);
			name = "Check Pods Manifest.lock";
			outputPaths = (
			);
			runOnlyForDeploymentPostprocessing = 0;
			shellPath = /bin/sh;
			shellScript = "diff \"${PODS_ROOT}/../Podfile.lock\" \"${PODS_ROOT}/Manifest.lock\" > /dev/null\nif [[ $? != 0 ]] ; then\n    cat << EOM\nerror: The sandbox is not in sync with the Podfile.lock. Run 'pod install' or update your CocoaPods installation.\nEOM\n    exit 1\nfi\n";
			showEnvVarsInLog = 0;
		};
		5FFD6CA895E6F9982D2BB6D6 /* Embed Pods Frameworks */ = {
			isa = PBXShellScriptBuildPhase;
			buildActionMask = 2147483647;
			files = (
			);
			inputPaths = (
			);
			name = "Embed Pods Frameworks";
			outputPaths = (
			);
			runOnlyForDeploymentPostprocessing = 0;
			shellPath = /bin/sh;
			shellScript = "\"${SRCROOT}/Pods/Target Support Files/Pods-hearthstonefinder/Pods-hearthstonefinder-frameworks.sh\"\n";
			showEnvVarsInLog = 0;
		};
/* End PBXShellScriptBuildPhase section */

/* Begin PBXSourcesBuildPhase section */
		A7FE55291BEFFE2700ABC506 /* Sources */ = {
			isa = PBXSourcesBuildPhase;
			buildActionMask = 2147483647;
			files = (
				1AD464E11C14B130006F4DAE /* Deck.swift in Sources */,
				1AD464D91C14A679006F4DAE /* DeckCell.swift in Sources */,
				1A95BA5B1C0F32A40093D755 /* SetCell.swift in Sources */,
				1A95BA591C0F32980093D755 /* MyCardsController.swift in Sources */,
				A74491481BF1566B00768CE2 /* Set.swift in Sources */,
				A74491441BF1566B00768CE2 /* Class.swift in Sources */,
				A74491451BF1566B00768CE2 /* Card+CoreDataProperties.swift in Sources */,
				A74491431BF1566B00768CE2 /* Class+CoreDataProperties.swift in Sources */,
				A7FE55331BEFFE2700ABC506 /* DownloadController.swift in Sources */,
				1A95BA611C0F32D70093D755 /* ClassCell.swift in Sources */,
				1A95BA5D1C0F32AA0093D755 /* SetController.swift in Sources */,
				1A95BA5F1C0F32B00093D755 /* ClassController.swift in Sources */,
				1AD464DF1C14B117006F4DAE /* Deck+CoreDataProperties.swift in Sources */,
				A7FE55391BEFFE2700ABC506 /* hearthstonefinder.xcdatamodeld in Sources */,
				A7FE55311BEFFE2700ABC506 /* AppDelegate.swift in Sources */,
				A74491461BF1566B00768CE2 /* Card.swift in Sources */,
				1AE1FC4C1C0CC7660023CACC /* CardCell.swift in Sources */,
				A74491471BF1566B00768CE2 /* Set+CoreDataProperties.swift in Sources */,
				1ADDB66E1C15FB2100D05F75 /* DecksController.swift in Sources */,
			);
			runOnlyForDeploymentPostprocessing = 0;
		};
		A7FE55401BEFFE2700ABC506 /* Sources */ = {
			isa = PBXSourcesBuildPhase;
			buildActionMask = 2147483647;
			files = (
				A7FE55491BEFFE2700ABC506 /* hearthstonefinderTests.swift in Sources */,
			);
			runOnlyForDeploymentPostprocessing = 0;
		};
		A7FE554B1BEFFE2700ABC506 /* Sources */ = {
			isa = PBXSourcesBuildPhase;
			buildActionMask = 2147483647;
			files = (
				A7FE55541BEFFE2700ABC506 /* hearthstonefinderUITests.swift in Sources */,
			);
			runOnlyForDeploymentPostprocessing = 0;
		};
/* End PBXSourcesBuildPhase section */

/* Begin PBXTargetDependency section */
		A7FE55461BEFFE2700ABC506 /* PBXTargetDependency */ = {
			isa = PBXTargetDependency;
			target = A7FE552C1BEFFE2700ABC506 /* hearthstonefinder */;
			targetProxy = A7FE55451BEFFE2700ABC506 /* PBXContainerItemProxy */;
		};
		A7FE55511BEFFE2700ABC506 /* PBXTargetDependency */ = {
			isa = PBXTargetDependency;
			target = A7FE552C1BEFFE2700ABC506 /* hearthstonefinder */;
			targetProxy = A7FE55501BEFFE2700ABC506 /* PBXContainerItemProxy */;
		};
/* End PBXTargetDependency section */

/* Begin PBXVariantGroup section */
		A7FE55341BEFFE2700ABC506 /* Main.storyboard */ = {
			isa = PBXVariantGroup;
			children = (
				A7FE55351BEFFE2700ABC506 /* Base */,
			);
			name = Main.storyboard;
			sourceTree = "<group>";
		};
/* End PBXVariantGroup section */

/* Begin XCBuildConfiguration section */
		A7FE55561BEFFE2700ABC506 /* Debug */ = {
			isa = XCBuildConfiguration;
			buildSettings = {
				ALWAYS_SEARCH_USER_PATHS = NO;
				CLANG_CXX_LANGUAGE_STANDARD = "gnu++0x";
				CLANG_CXX_LIBRARY = "libc++";
				CLANG_ENABLE_MODULES = YES;
				CLANG_ENABLE_OBJC_ARC = YES;
				CLANG_WARN_BOOL_CONVERSION = YES;
				CLANG_WARN_CONSTANT_CONVERSION = YES;
				CLANG_WARN_DIRECT_OBJC_ISA_USAGE = YES_ERROR;
				CLANG_WARN_EMPTY_BODY = YES;
				CLANG_WARN_ENUM_CONVERSION = YES;
				CLANG_WARN_INT_CONVERSION = YES;
				CLANG_WARN_OBJC_ROOT_CLASS = YES_ERROR;
				CLANG_WARN_UNREACHABLE_CODE = YES;
				CLANG_WARN__DUPLICATE_METHOD_MATCH = YES;
				"CODE_SIGN_IDENTITY[sdk=iphoneos*]" = "iPhone Developer";
				COPY_PHASE_STRIP = NO;
				DEBUG_INFORMATION_FORMAT = dwarf;
				ENABLE_STRICT_OBJC_MSGSEND = YES;
				ENABLE_TESTABILITY = YES;
				GCC_C_LANGUAGE_STANDARD = gnu99;
				GCC_DYNAMIC_NO_PIC = NO;
				GCC_NO_COMMON_BLOCKS = YES;
				GCC_OPTIMIZATION_LEVEL = 0;
				GCC_PREPROCESSOR_DEFINITIONS = (
					"DEBUG=1",
					"$(inherited)",
				);
				GCC_WARN_64_TO_32_BIT_CONVERSION = YES;
				GCC_WARN_ABOUT_RETURN_TYPE = YES_ERROR;
				GCC_WARN_UNDECLARED_SELECTOR = YES;
				GCC_WARN_UNINITIALIZED_AUTOS = YES_AGGRESSIVE;
				GCC_WARN_UNUSED_FUNCTION = YES;
				GCC_WARN_UNUSED_VARIABLE = YES;
				IPHONEOS_DEPLOYMENT_TARGET = 9.0;
				MTL_ENABLE_DEBUG_INFO = YES;
				ONLY_ACTIVE_ARCH = YES;
				SDKROOT = iphoneos;
				SWIFT_OPTIMIZATION_LEVEL = "-Onone";
				TARGETED_DEVICE_FAMILY = "1,2";
			};
			name = Debug;
		};
		A7FE55571BEFFE2700ABC506 /* Release */ = {
			isa = XCBuildConfiguration;
			buildSettings = {
				ALWAYS_SEARCH_USER_PATHS = NO;
				CLANG_CXX_LANGUAGE_STANDARD = "gnu++0x";
				CLANG_CXX_LIBRARY = "libc++";
				CLANG_ENABLE_MODULES = YES;
				CLANG_ENABLE_OBJC_ARC = YES;
				CLANG_WARN_BOOL_CONVERSION = YES;
				CLANG_WARN_CONSTANT_CONVERSION = YES;
				CLANG_WARN_DIRECT_OBJC_ISA_USAGE = YES_ERROR;
				CLANG_WARN_EMPTY_BODY = YES;
				CLANG_WARN_ENUM_CONVERSION = YES;
				CLANG_WARN_INT_CONVERSION = YES;
				CLANG_WARN_OBJC_ROOT_CLASS = YES_ERROR;
				CLANG_WARN_UNREACHABLE_CODE = YES;
				CLANG_WARN__DUPLICATE_METHOD_MATCH = YES;
				"CODE_SIGN_IDENTITY[sdk=iphoneos*]" = "iPhone Developer";
				COPY_PHASE_STRIP = NO;
				DEBUG_INFORMATION_FORMAT = "dwarf-with-dsym";
				ENABLE_NS_ASSERTIONS = NO;
				ENABLE_STRICT_OBJC_MSGSEND = YES;
				GCC_C_LANGUAGE_STANDARD = gnu99;
				GCC_NO_COMMON_BLOCKS = YES;
				GCC_WARN_64_TO_32_BIT_CONVERSION = YES;
				GCC_WARN_ABOUT_RETURN_TYPE = YES_ERROR;
				GCC_WARN_UNDECLARED_SELECTOR = YES;
				GCC_WARN_UNINITIALIZED_AUTOS = YES_AGGRESSIVE;
				GCC_WARN_UNUSED_FUNCTION = YES;
				GCC_WARN_UNUSED_VARIABLE = YES;
				IPHONEOS_DEPLOYMENT_TARGET = 9.0;
				MTL_ENABLE_DEBUG_INFO = NO;
				SDKROOT = iphoneos;
				TARGETED_DEVICE_FAMILY = "1,2";
				VALIDATE_PRODUCT = YES;
			};
			name = Release;
		};
		A7FE55591BEFFE2700ABC506 /* Debug */ = {
			isa = XCBuildConfiguration;
			baseConfigurationReference = 66C39A4E02BCF78F9EB321E3 /* Pods-hearthstonefinder.debug.xcconfig */;
			buildSettings = {
				ASSETCATALOG_COMPILER_APPICON_NAME = AppIcon;
				CLANG_ENABLE_MODULES = YES;
				INFOPLIST_FILE = hearthstonefinder/Info.plist;
				LD_RUNPATH_SEARCH_PATHS = "$(inherited) @executable_path/Frameworks";
				PRODUCT_BUNDLE_IDENTIFIER = com.stepanovich.gabriel.hearthstonefinder;
				PRODUCT_NAME = "$(TARGET_NAME)";
				SWIFT_OBJC_BRIDGING_HEADER = "hearthstonefinder/hearthstonefinder-Bridging-Header.h";
				SWIFT_OPTIMIZATION_LEVEL = "-Onone";
			};
			name = Debug;
		};
		A7FE555A1BEFFE2700ABC506 /* Release */ = {
			isa = XCBuildConfiguration;
			baseConfigurationReference = 821A8B7214580A5C0672E170 /* Pods-hearthstonefinder.release.xcconfig */;
			buildSettings = {
				ASSETCATALOG_COMPILER_APPICON_NAME = AppIcon;
				CLANG_ENABLE_MODULES = YES;
				INFOPLIST_FILE = hearthstonefinder/Info.plist;
				LD_RUNPATH_SEARCH_PATHS = "$(inherited) @executable_path/Frameworks";
				PRODUCT_BUNDLE_IDENTIFIER = com.stepanovich.gabriel.hearthstonefinder;
				PRODUCT_NAME = "$(TARGET_NAME)";
				SWIFT_OBJC_BRIDGING_HEADER = "hearthstonefinder/hearthstonefinder-Bridging-Header.h";
			};
			name = Release;
		};
		A7FE555C1BEFFE2700ABC506 /* Debug */ = {
			isa = XCBuildConfiguration;
			buildSettings = {
				BUNDLE_LOADER = "$(TEST_HOST)";
				INFOPLIST_FILE = hearthstonefinderTests/Info.plist;
				LD_RUNPATH_SEARCH_PATHS = "$(inherited) @executable_path/Frameworks @loader_path/Frameworks";
				PRODUCT_BUNDLE_IDENTIFIER = com.stepanovich.gabriel.hearthstonefinderTests;
				PRODUCT_NAME = "$(TARGET_NAME)";
				TEST_HOST = "$(BUILT_PRODUCTS_DIR)/hearthstonefinder.app/hearthstonefinder";
			};
			name = Debug;
		};
		A7FE555D1BEFFE2700ABC506 /* Release */ = {
			isa = XCBuildConfiguration;
			buildSettings = {
				BUNDLE_LOADER = "$(TEST_HOST)";
				INFOPLIST_FILE = hearthstonefinderTests/Info.plist;
				LD_RUNPATH_SEARCH_PATHS = "$(inherited) @executable_path/Frameworks @loader_path/Frameworks";
				PRODUCT_BUNDLE_IDENTIFIER = com.stepanovich.gabriel.hearthstonefinderTests;
				PRODUCT_NAME = "$(TARGET_NAME)";
				TEST_HOST = "$(BUILT_PRODUCTS_DIR)/hearthstonefinder.app/hearthstonefinder";
			};
			name = Release;
		};
		A7FE555F1BEFFE2700ABC506 /* Debug */ = {
			isa = XCBuildConfiguration;
			buildSettings = {
				INFOPLIST_FILE = hearthstonefinderUITests/Info.plist;
				LD_RUNPATH_SEARCH_PATHS = "$(inherited) @executable_path/Frameworks @loader_path/Frameworks";
				PRODUCT_BUNDLE_IDENTIFIER = com.stepanovich.gabriel.hearthstonefinderUITests;
				PRODUCT_NAME = "$(TARGET_NAME)";
				TEST_TARGET_NAME = hearthstonefinder;
				USES_XCTRUNNER = YES;
			};
			name = Debug;
		};
		A7FE55601BEFFE2700ABC506 /* Release */ = {
			isa = XCBuildConfiguration;
			buildSettings = {
				INFOPLIST_FILE = hearthstonefinderUITests/Info.plist;
				LD_RUNPATH_SEARCH_PATHS = "$(inherited) @executable_path/Frameworks @loader_path/Frameworks";
				PRODUCT_BUNDLE_IDENTIFIER = com.stepanovich.gabriel.hearthstonefinderUITests;
				PRODUCT_NAME = "$(TARGET_NAME)";
				TEST_TARGET_NAME = hearthstonefinder;
				USES_XCTRUNNER = YES;
			};
			name = Release;
		};
/* End XCBuildConfiguration section */

/* Begin XCConfigurationList section */
		A7FE55281BEFFE2700ABC506 /* Build configuration list for PBXProject "hearthstonefinder" */ = {
			isa = XCConfigurationList;
			buildConfigurations = (
				A7FE55561BEFFE2700ABC506 /* Debug */,
				A7FE55571BEFFE2700ABC506 /* Release */,
			);
			defaultConfigurationIsVisible = 0;
			defaultConfigurationName = Release;
		};
		A7FE55581BEFFE2700ABC506 /* Build configuration list for PBXNativeTarget "hearthstonefinder" */ = {
			isa = XCConfigurationList;
			buildConfigurations = (
				A7FE55591BEFFE2700ABC506 /* Debug */,
				A7FE555A1BEFFE2700ABC506 /* Release */,
			);
			defaultConfigurationIsVisible = 0;
			defaultConfigurationName = Release;
		};
		A7FE555B1BEFFE2700ABC506 /* Build configuration list for PBXNativeTarget "hearthstonefinderTests" */ = {
			isa = XCConfigurationList;
			buildConfigurations = (
				A7FE555C1BEFFE2700ABC506 /* Debug */,
				A7FE555D1BEFFE2700ABC506 /* Release */,
			);
			defaultConfigurationIsVisible = 0;
			defaultConfigurationName = Release;
		};
		A7FE555E1BEFFE2700ABC506 /* Build configuration list for PBXNativeTarget "hearthstonefinderUITests" */ = {
			isa = XCConfigurationList;
			buildConfigurations = (
				A7FE555F1BEFFE2700ABC506 /* Debug */,
				A7FE55601BEFFE2700ABC506 /* Release */,
			);
			defaultConfigurationIsVisible = 0;
			defaultConfigurationName = Release;
		};
/* End XCConfigurationList section */

/* Begin XCVersionGroup section */
		A7FE55371BEFFE2700ABC506 /* hearthstonefinder.xcdatamodeld */ = {
			isa = XCVersionGroup;
			children = (
				A7FE55381BEFFE2700ABC506 /* hearthstonefinder.xcdatamodel */,
			);
			currentVersion = A7FE55381BEFFE2700ABC506 /* hearthstonefinder.xcdatamodel */;
			path = hearthstonefinder.xcdatamodeld;
			sourceTree = "<group>";
			versionGroupType = wrapper.xcdatamodel;
		};
/* End XCVersionGroup section */
	};
	rootObject = A7FE55251BEFFE2700ABC506 /* Project object */;
}
